PODS:
<<<<<<< HEAD
  - Alamofire (4.7.0)
  - AlgoliaSearch-Client-Swift (5.1.6)
  - BigInt (3.0.1):
    - SipHash (~> 1.2)
  - Bolts (1.9.0):
    - Bolts/AppLinks (= 1.9.0)
    - Bolts/Tasks (= 1.9.0)
  - Bolts/AppLinks (1.9.0):
    - Bolts/Tasks
  - Bolts/Tasks (1.9.0)
  - BoringSSL (10.0):
    - BoringSSL/Implementation (= 10.0)
    - BoringSSL/Interface (= 10.0)
  - BoringSSL/Implementation (10.0):
    - BoringSSL/Interface (= 10.0)
  - BoringSSL/Interface (10.0)
  - Cache (4.1.2)
  - Charts (3.0.5):
    - Charts/Core (= 3.0.5)
  - Charts/Core (3.0.5)
  - FacebookCore (0.3.0):
    - Bolts (~> 1.8)
    - FBSDKCoreKit (~> 4.27)
  - FacebookLogin (0.3.0):
    - Bolts (~> 1.8)
    - FacebookCore (~> 0.3)
    - FBSDKCoreKit (~> 4.27)
    - FBSDKLoginKit (~> 4.27)
  - FacebookShare (0.3.0):
    - Bolts (~> 1.8)
    - FacebookCore (~> 0.3)
    - FBSDKCoreKit (~> 4.27)
    - FBSDKShareKit (~> 4.27)
  - FBSDKCoreKit (4.31.1):
    - Bolts (~> 1.7)
  - FBSDKLoginKit (4.31.1):
    - FBSDKCoreKit
  - FBSDKShareKit (4.31.1):
    - FBSDKCoreKit (~> 4.31.1)
  - Firebase/Auth (4.11.0):
    - Firebase/Core
    - FirebaseAuth (= 4.5.0)
  - Firebase/Core (4.11.0):
    - FirebaseAnalytics (= 4.1.0)
    - FirebaseCore (= 4.0.18)
  - Firebase/Database (4.11.0):
    - Firebase/Core
    - FirebaseDatabase (= 4.1.5)
  - Firebase/Firestore (4.11.0):
    - Firebase/Core
    - FirebaseFirestore (= 0.10.4)
  - Firebase/RemoteConfig (4.11.0):
    - Firebase/Core
    - FirebaseRemoteConfig (= 2.1.2)
  - Firebase/Storage (4.11.0):
    - Firebase/Core
    - FirebaseStorage (= 2.1.3)
  - FirebaseABTesting (1.0.0):
    - FirebaseCore (~> 4.0)
    - Protobuf (~> 3.1)
  - FirebaseAnalytics (4.1.0):
=======
  - Alamofire (4.6.0)
  - AlgoliaSearch-Client-Swift (5.1.2)
  - Charts (3.0.5):
    - Charts/Core (= 3.0.5)
  - Charts/Core (3.0.5)
  - Firebase (4.9.0):
    - Firebase/Core (= 4.9.0)
  - Firebase/Core (4.9.0):
    - FirebaseAnalytics (= 4.0.9)
    - FirebaseCore (= 4.0.15)
  - FirebaseAnalytics (4.0.9):
>>>>>>> a5780c74ff23bf01c281b76ea1998d712d63599d
    - FirebaseCore (~> 4.0)
    - FirebaseInstanceID (~> 2.0)
    - GoogleToolboxForMac/NSData+zlib (~> 2.1)
    - nanopb (~> 0.3)
<<<<<<< HEAD
  - FirebaseAuth (4.5.0):
    - FirebaseAnalytics (~> 4.1)
    - GoogleToolboxForMac/NSDictionary+URLArguments (~> 2.1)
    - GTMSessionFetcher/Core (~> 1.1)
  - FirebaseCore (4.0.18):
=======
  - FirebaseAuth (4.4.3):
    - FirebaseAnalytics (~> 4.0)
    - GoogleToolboxForMac/NSDictionary+URLArguments (~> 2.1)
    - GTMSessionFetcher/Core (~> 1.1)
  - FirebaseCore (4.0.15):
>>>>>>> a5780c74ff23bf01c281b76ea1998d712d63599d
    - GoogleToolboxForMac/NSData+zlib (~> 2.1)
  - FirebaseDatabase (4.1.5):
    - FirebaseAnalytics (~> 4.1)
    - FirebaseCore (~> 4.0)
    - leveldb-library (~> 1.18)
<<<<<<< HEAD
  - FirebaseFirestore (0.10.4):
    - FirebaseAnalytics (~> 4.1)
=======
  - FirebaseInstanceID (2.0.9):
>>>>>>> a5780c74ff23bf01c281b76ea1998d712d63599d
    - FirebaseCore (~> 4.0)
    - gRPC-ProtoRPC (~> 1.0)
    - leveldb-library (~> 1.18)
    - Protobuf (~> 3.5)
  - FirebaseInstanceID (2.0.10):
    - FirebaseCore (~> 4.0)
  - FirebaseRemoteConfig (2.1.2):
    - FirebaseABTesting (~> 1.0)
    - FirebaseAnalytics (~> 4.0)
    - FirebaseCore (~> 4.0)
    - FirebaseInstanceID (~> 2.0)
    - GoogleToolboxForMac/NSData+zlib (~> 2.1)
    - Protobuf (~> 3.1)
  - FirebaseStorage (2.1.3):
    - FirebaseAnalytics (~> 4.1)
    - FirebaseCore (~> 4.0)
    - GTMSessionFetcher/Core (~> 1.1)
<<<<<<< HEAD
  - FirebaseUI (4.5.5):
    - FirebaseUI/All (= 4.5.5)
  - FirebaseUI/All (4.5.5):
    - FirebaseUI/Auth
    - FirebaseUI/Database
    - FirebaseUI/Facebook
    - FirebaseUI/Firestore
    - FirebaseUI/Google
    - FirebaseUI/Phone
    - FirebaseUI/Storage
    - FirebaseUI/Twitter
  - FirebaseUI/Auth (4.5.5):
    - Firebase/Auth (~> 4.2)
  - FirebaseUI/Database (4.5.5):
    - Firebase/Database (~> 4.0)
  - FirebaseUI/Facebook (4.5.5):
    - FBSDKLoginKit (~> 4.0)
    - FirebaseUI/Auth
  - FirebaseUI/Firestore (4.5.5):
    - Firebase/Firestore
  - FirebaseUI/Google (4.5.5):
    - FirebaseUI/Auth
    - GoogleSignIn (~> 4.0)
  - FirebaseUI/Phone (4.5.5):
    - FirebaseUI/Auth
  - FirebaseUI/Storage (4.5.5):
    - Firebase/Storage (~> 4.0)
    - SDWebImage (~> 4.0)
  - FirebaseUI/Twitter (4.5.5):
    - FirebaseUI/Auth
    - TwitterKit (~> 3.0)
  - FloatRatingView (2.0)
  - GoogleMaps (2.6.0):
    - GoogleMaps/Maps (= 2.6.0)
  - GoogleMaps/Base (2.6.0)
  - GoogleMaps/Maps (2.6.0):
    - GoogleMaps/Base
  - GooglePlacePicker (2.6.0):
    - GoogleMaps (= 2.6.0)
    - GooglePlaces (= 2.6.0)
  - GooglePlaces (2.6.0):
    - GoogleMaps/Base (= 2.6.0)
=======
>>>>>>> a5780c74ff23bf01c281b76ea1998d712d63599d
  - GoogleSignIn (4.1.2):
    - GoogleToolboxForMac/NSDictionary+URLArguments (~> 2.1)
    - GoogleToolboxForMac/NSString+URLArguments (~> 2.1)
    - GTMOAuth2 (~> 1.0)
    - GTMSessionFetcher/Core (~> 1.1)
  - GoogleToolboxForMac/DebugUtils (2.1.3):
    - GoogleToolboxForMac/Defines (= 2.1.3)
  - GoogleToolboxForMac/Defines (2.1.3)
  - GoogleToolboxForMac/NSData+zlib (2.1.3):
    - GoogleToolboxForMac/Defines (= 2.1.3)
  - GoogleToolboxForMac/NSDictionary+URLArguments (2.1.3):
    - GoogleToolboxForMac/DebugUtils (= 2.1.3)
    - GoogleToolboxForMac/Defines (= 2.1.3)
    - GoogleToolboxForMac/NSString+URLArguments (= 2.1.3)
  - GoogleToolboxForMac/NSString+URLArguments (2.1.3)
  - gRPC (1.10.0):
    - gRPC-RxLibrary (= 1.10.0)
    - gRPC/Main (= 1.10.0)
  - gRPC-Core (1.10.0):
    - gRPC-Core/Implementation (= 1.10.0)
    - gRPC-Core/Interface (= 1.10.0)
  - gRPC-Core/Implementation (1.10.0):
    - BoringSSL (~> 10.0)
    - gRPC-Core/Interface (= 1.10.0)
    - nanopb (~> 0.3)
  - gRPC-Core/Interface (1.10.0)
  - gRPC-ProtoRPC (1.10.0):
    - gRPC (= 1.10.0)
    - gRPC-RxLibrary (= 1.10.0)
    - Protobuf (~> 3.0)
  - gRPC-RxLibrary (1.10.0)
  - gRPC/Main (1.10.0):
    - gRPC-Core (= 1.10.0)
    - gRPC-RxLibrary (= 1.10.0)
  - GTMOAuth2 (1.1.6):
    - GTMSessionFetcher (~> 1.1)
  - GTMSessionFetcher (1.1.14):
    - GTMSessionFetcher/Full (= 1.1.14)
  - GTMSessionFetcher/Core (1.1.14)
  - GTMSessionFetcher/Full (1.1.14):
    - GTMSessionFetcher/Core (= 1.1.14)
  - Hue (3.0.1)
  - ImagePicker (3.0.0)
  - Imaginary (3.0.3):
    - Cache (~> 4.0)
  - KSCrash/Core (1.15.18):
    - KSCrash/Reporting/Filters/Basic
  - KSCrash/Recording (1.15.18):
    - KSCrash/Recording/Tools (= 1.15.18)
  - KSCrash/Recording/Tools (1.15.18)
  - KSCrash/Reporting/Filters/Base (1.15.18):
    - KSCrash/Recording
  - KSCrash/Reporting/Filters/Basic (1.15.18):
    - KSCrash/Recording
    - KSCrash/Reporting/Filters/Base
  - leveldb-library (1.20)
  - Lightbox (2.1.2):
    - Hue (~> 3.0)
    - Imaginary (~> 3.0)
  - nanopb (0.3.8):
    - nanopb/decode (= 0.3.8)
    - nanopb/encode (= 0.3.8)
  - nanopb/decode (0.3.8)
  - nanopb/encode (0.3.8)
<<<<<<< HEAD
  - OneSignal (2.8.1)
  - Protobuf (3.5.0)
  - Realm (3.3.0):
    - Realm/Headers (= 3.3.0)
  - Realm/Headers (3.3.0)
  - RealmSwift (3.3.0):
    - Realm (= 3.3.0)
  - SDWebImage (4.3.3):
    - SDWebImage/Core (= 4.3.3)
  - SDWebImage/Core (4.3.3)
=======
  - OneSignal (2.7.0)
>>>>>>> a5780c74ff23bf01c281b76ea1998d712d63599d
  - SearchTextField (1.2.0)
  - Sentry (3.12.0):
    - Sentry/Core (= 3.12.0)
    - Sentry/KSCrash (= 3.12.0)
  - Sentry/Core (3.12.0)
  - Sentry/KSCrash (3.12.0):
    - KSCrash/Core (~> 1.15.12)
  - SipHash (1.2.0)
  - SwiftSpinner (1.5.0)
  - SwiftTheme (0.4.1)
  - SwiftyButton (0.8.0)
  - SwiftyStoreKit (0.13.1)
  - TwitterCore (3.1.0)
  - TwitterKit (3.3.0):
    - TwitterCore (>= 3.1.0)

DEPENDENCIES:
  - Alamofire
  - AlgoliaSearch-Client-Swift
<<<<<<< HEAD
  - BigInt
  - Charts
  - FacebookCore
  - FacebookLogin
  - FacebookShare
  - Firebase/Auth
  - Firebase/Core
  - Firebase/Database
  - Firebase/RemoteConfig
  - Firebase/Storage
  - FirebaseUI
  - FloatRatingView (~> 2.0.0)
  - GoogleMaps
  - GooglePlacePicker
  - GooglePlaces
=======
  - Charts
  - Firebase
  - FirebaseAuth
  - FirebaseCore
  - FirebaseDatabase
  - FirebaseStorage
>>>>>>> a5780c74ff23bf01c281b76ea1998d712d63599d
  - GoogleSignIn
  - Hue
  - ImagePicker
  - Lightbox
  - OneSignal
  - RealmSwift
  - SDWebImage (~> 4.0)
  - SearchTextField
  - Sentry
  - SwiftSpinner
  - SwiftTheme
  - SwiftyButton
  - SwiftyStoreKit

SPEC CHECKSUMS:
<<<<<<< HEAD
  Alamofire: 907e0a98eb68cdb7f9d1f541a563d6ac5dc77b25
  AlgoliaSearch-Client-Swift: cd60a80007f00923b37a14ff03af96889083111d
  BigInt: 8e8a52161c745cd3ab78e3dc346a9fbee51e6cf6
  Bolts: ac6567323eac61e203f6a9763667d0f711be34c8
  BoringSSL: 32764dbaf5f5888cf51fbaa172a010126b41bcd4
  Cache: bd0233fc688b5e83a27bcd87807db7e6f23adcc5
  Charts: 45cdc985b764c838b35ee47eb1365d15735f6d1a
  FacebookCore: 3ffa190a3f1f96cec0e44d3fc221bc322c595ffa
  FacebookLogin: 0af839ea858faef99550d16596b87b4a8e8906e6
  FacebookShare: 0469964297ebd75f052be2c5083389a4208e82b7
  FBSDKCoreKit: e08ccfcefa7bc1347a07c276dac9bf6c7fe57024
  FBSDKLoginKit: 99797ac39252fef6f72600b886f6ee60b4b29cab
  FBSDKShareKit: e640c41c9fcd61929eeb3d0c21ad335103e7cb62
  Firebase: cc13dfab1038c8b45d7903e01fc690451d6d0b24
  FirebaseABTesting: d07d0ee833b842d5153549e4c7e2e2cb1c23a3f9
  FirebaseAnalytics: 3dfae28d4a5e06f86c4fae830efc2ad3fadb19bc
  FirebaseAuth: 147bf340a0706b44ca1753d6b41ebafd9687cfe6
  FirebaseCore: b981f47e5254cbcfdeb483355300d743f6fcab2c
  FirebaseDatabase: 5f0bc6134c5c237cf55f9e1249d406770a75eafd
  FirebaseFirestore: 796df79c29cf8ecf806564f4d347665bdafa6ef0
  FirebaseInstanceID: 8d20d890d65c917f9f7d9950b6e10a760ad34321
  FirebaseRemoteConfig: df64ce784a45e9b9d4988030a59da6baede8bdb0
  FirebaseStorage: 9a863a2bb96c406958eeff7c2f1dfa9f44c44a13
  FirebaseUI: 7f149d40db1a67c459df16540256b66d8f8e8c70
  FloatRatingView: 857ab8f10040d06a42fc979f486c8f9fecd2f2e5
  GoogleMaps: 42f91c68b7fa2f84d5c86597b18ceb99f5414c7f
  GooglePlacePicker: e4488625effb006f59de49e14b7a603e463e4261
  GooglePlaces: f6ddf33b75cef69e888907d9947c57198ed845f3
=======
  Alamofire: f41a599bd63041760b26d393ec1069d9d7b917f4
  AlgoliaSearch-Client-Swift: 6c88667420b02e57c24dc54cfcfa71848980c495
  Charts: 45cdc985b764c838b35ee47eb1365d15735f6d1a
  Firebase: 632216af3ed7f31e3be34776947fdc7546cfb572
  FirebaseAnalytics: 388b630c15713f5dbf364071f5f3d6077fb52f4e
  FirebaseAuth: aaaf68d5064a6c8fec435758f83a43b8db26ccaa
  FirebaseCore: 3bd047463058fa6b5d312c97502c52e45401cdfb
  FirebaseDatabase: de4446507ccd3257fca37d16f40e1540324571fd
  FirebaseInstanceID: d2058a35e9bebda1b6dd42486b84917bde552a9d
  FirebaseStorage: 181bb543d39ee3c53e0558de7ba86b1286a0427f
>>>>>>> a5780c74ff23bf01c281b76ea1998d712d63599d
  GoogleSignIn: d9ef55b10f0aa401a5de2747f59b725e4b9732ac
  GoogleToolboxForMac: 2501e2ad72a52eb3dfe7bd9aee7dad11b858bd20
  gRPC: f54f0e6d603052b4562447da442ce2ff30bcdacc
  gRPC-Core: a030b1678ded49c88ec5ba7c90ee8ee5f47ec6e1
  gRPC-ProtoRPC: 22712b23eb1bda656a59715fa5c1da0ea1493ea4
  gRPC-RxLibrary: a41a4652d220f230ba1c0491a94ce2ee04c6180a
  GTMOAuth2: c77fe325e4acd453837e72d91e3b5f13116857b2
  GTMSessionFetcher: 390ea358e5a0d0133153806f744662dad933d06b
  Hue: 93e852fa6211ab35922ad8c293f51c43d6c79eb2
  ImagePicker: 973953c25960fe04729a7082a56194321c6762d2
  Imaginary: 9b45836a5af881f452a86e0a1215772ae4712d00
  KSCrash: 5394936f41e5c1ef7b79cf79b30d53299b0c160e
  leveldb-library: 08cba283675b7ed2d99629a4bc5fd052cd2bb6a5
  Lightbox: 2dc267df8be2285bc7724cb11cbbf4aaaf59dced
  nanopb: 5601e6bca2dbf1ed831b519092ec110f66982ca3
<<<<<<< HEAD
  OneSignal: 7dfd61c1ea88571ddf772c53c7ae45407c5eb2f7
  Protobuf: 8a9838fba8dae3389230e1b7f8c104aa32389c03
  Realm: 7d74ad6c5020432f58fe5e1df90bb6d97b2c7fef
  RealmSwift: b2fa31a09c22e246026766557405505eeaad2b01
  SDWebImage: de4d90b5bff3571eae7bd16202b1f43135409fa5
=======
  OneSignal: b28d78085a4e04327e6732846ab03521d3496e72
>>>>>>> a5780c74ff23bf01c281b76ea1998d712d63599d
  SearchTextField: a5bb7e4c33affadb115afdbe8100d84ef10a8024
  Sentry: 74233cedacdd605a8eec77ede4eaacc5afe16b5c
  SipHash: c6e9e43e9c531b5bc6602545130c26194a6d31ce
  SwiftSpinner: 4c058c7a1d6b444dd2e1d70988ead40783097133
  SwiftTheme: 36d71c4eed4b2c401c782cf036e4586c749a8173
  SwiftyButton: 093e3fe2becf3ae31c0f6c1c6987b79a93fb3ecb
  SwiftyStoreKit: c36bb7841dd51a485ce5c38abf9e96fba988741f
  TwitterCore: 644d59e75abccb26cf0a9050d2c4dea0e5412241
  TwitterKit: a2e60ddcedbf54091eac6f27685ca7a87681e1d7

<<<<<<< HEAD
PODFILE CHECKSUM: 9d53564d7c82479e6a5b592426e429380f3bd092
=======
PODFILE CHECKSUM: c1decd1bc4386254ce56e6c7cc5b654401cef952
>>>>>>> a5780c74ff23bf01c281b76ea1998d712d63599d

COCOAPODS: 1.4.0
